// !$*UTF8*$!
{
	archiveVersion = 1;
	classes = {
	};
	objectVersion = 50;
	objects = {

/* Begin PBXBuildFile section */
		F2DABF5C2145DFB70005CAB2 /* AppDelegate.swift in Sources */ = {isa = PBXBuildFile; fileRef = F2DABF5B2145DFB70005CAB2 /* AppDelegate.swift */; };
		F2DABF632145DFC50005CAB2 /* Assets.xcassets in Resources */ = {isa = PBXBuildFile; fileRef = F2DABF622145DFC50005CAB2 /* Assets.xcassets */; };
		F2DABF662145DFC50005CAB2 /* LaunchScreen.storyboard in Resources */ = {isa = PBXBuildFile; fileRef = F2DABF642145DFC50005CAB2 /* LaunchScreen.storyboard */; };
		F2DABF702145E8CA0005CAB2 /* TripModel.swift in Sources */ = {isa = PBXBuildFile; fileRef = F2DABF6F2145E8CA0005CAB2 /* TripModel.swift */; };
		F2DABF722145E8D90005CAB2 /* TripFunctions.swift in Sources */ = {isa = PBXBuildFile; fileRef = F2DABF712145E8D90005CAB2 /* TripFunctions.swift */; };
		F2DABF7B2145EDB80005CAB2 /* Data.swift in Sources */ = {isa = PBXBuildFile; fileRef = F2DABF7A2145EDB80005CAB2 /* Data.swift */; };
		F2DABF7F2145F7700005CAB2 /* TripsViewController.storyboard in Resources */ = {isa = PBXBuildFile; fileRef = F2DABF7E2145F7700005CAB2 /* TripsViewController.storyboard */; };
		F2DABF832145F7D10005CAB2 /* TripsViewController.swift in Sources */ = {isa = PBXBuildFile; fileRef = F2DABF822145F7D10005CAB2 /* TripsViewController.swift */; };
		F2DABF8821460B930005CAB2 /* TripsTableViewCell.swift in Sources */ = {isa = PBXBuildFile; fileRef = F2DABF8721460B930005CAB2 /* TripsTableViewCell.swift */; };
		F2DABF8B214613B90005CAB2 /* UIViewExtensions.swift in Sources */ = {isa = PBXBuildFile; fileRef = F2DABF8A214613B90005CAB2 /* UIViewExtensions.swift */; };
		F2DABF8E214615970005CAB2 /* Theme.swift in Sources */ = {isa = PBXBuildFile; fileRef = F2DABF8D214615970005CAB2 /* Theme.swift */; };
		F2DABF9021461C330005CAB2 /* FugazOne-Regular.ttf in Resources */ = {isa = PBXBuildFile; fileRef = F2DABF8F214617F70005CAB2 /* FugazOne-Regular.ttf */; };
		F2DABF9221461CAB0005CAB2 /* Colors.xcassets in Resources */ = {isa = PBXBuildFile; fileRef = F2DABF9121461CAB0005CAB2 /* Colors.xcassets */; };
/* End PBXBuildFile section */

/* Begin PBXFileReference section */
		F2DABF582145DFB70005CAB2 /* Itinerary.app */ = {isa = PBXFileReference; explicitFileType = wrapper.application; includeInIndex = 0; path = Itinerary.app; sourceTree = BUILT_PRODUCTS_DIR; };
		F2DABF5B2145DFB70005CAB2 /* AppDelegate.swift */ = {isa = PBXFileReference; lastKnownFileType = sourcecode.swift; path = AppDelegate.swift; sourceTree = "<group>"; };
		F2DABF622145DFC50005CAB2 /* Assets.xcassets */ = {isa = PBXFileReference; lastKnownFileType = folder.assetcatalog; path = Assets.xcassets; sourceTree = "<group>"; };
		F2DABF652145DFC50005CAB2 /* Base */ = {isa = PBXFileReference; lastKnownFileType = file.storyboard; name = Base; path = Base.lproj/LaunchScreen.storyboard; sourceTree = "<group>"; };
		F2DABF672145DFC50005CAB2 /* Info.plist */ = {isa = PBXFileReference; lastKnownFileType = text.plist.xml; path = Info.plist; sourceTree = "<group>"; };
		F2DABF6F2145E8CA0005CAB2 /* TripModel.swift */ = {isa = PBXFileReference; lastKnownFileType = sourcecode.swift; path = TripModel.swift; sourceTree = "<group>"; };
		F2DABF712145E8D90005CAB2 /* TripFunctions.swift */ = {isa = PBXFileReference; lastKnownFileType = sourcecode.swift; path = TripFunctions.swift; sourceTree = "<group>"; };
		F2DABF7A2145EDB80005CAB2 /* Data.swift */ = {isa = PBXFileReference; lastKnownFileType = sourcecode.swift; path = Data.swift; sourceTree = "<group>"; };
		F2DABF7E2145F7700005CAB2 /* TripsViewController.storyboard */ = {isa = PBXFileReference; lastKnownFileType = file.storyboard; path = TripsViewController.storyboard; sourceTree = "<group>"; };
		F2DABF822145F7D10005CAB2 /* TripsViewController.swift */ = {isa = PBXFileReference; lastKnownFileType = sourcecode.swift; path = TripsViewController.swift; sourceTree = "<group>"; };
		F2DABF8721460B930005CAB2 /* TripsTableViewCell.swift */ = {isa = PBXFileReference; lastKnownFileType = sourcecode.swift; path = TripsTableViewCell.swift; sourceTree = "<group>"; };
		F2DABF8A214613B90005CAB2 /* UIViewExtensions.swift */ = {isa = PBXFileReference; lastKnownFileType = sourcecode.swift; path = UIViewExtensions.swift; sourceTree = "<group>"; };
		F2DABF8D214615970005CAB2 /* Theme.swift */ = {isa = PBXFileReference; lastKnownFileType = sourcecode.swift; path = Theme.swift; sourceTree = "<group>"; };
		F2DABF8F214617F70005CAB2 /* FugazOne-Regular.ttf */ = {isa = PBXFileReference; lastKnownFileType = file; name = "FugazOne-Regular.ttf"; path = "../../../../../Library/Fonts/skyfonts-google/FugazOne-Regular.ttf"; sourceTree = "<group>"; };
		F2DABF9121461CAB0005CAB2 /* Colors.xcassets */ = {isa = PBXFileReference; lastKnownFileType = folder.assetcatalog; path = Colors.xcassets; sourceTree = "<group>"; };
/* End PBXFileReference section */

/* Begin PBXFrameworksBuildPhase section */
		F2DABF552145DFB70005CAB2 /* Frameworks */ = {
			isa = PBXFrameworksBuildPhase;
			buildActionMask = 2147483647;
			files = (
			);
			runOnlyForDeploymentPostprocessing = 0;
		};
/* End PBXFrameworksBuildPhase section */

/* Begin PBXGroup section */
		F2DABF4F2145DFB70005CAB2 = {
			isa = PBXGroup;
			children = (
				F2DABF5A2145DFB70005CAB2 /* Itinerary */,
				F2DABF592145DFB70005CAB2 /* Products */,
			);
			sourceTree = "<group>";
		};
		F2DABF592145DFB70005CAB2 /* Products */ = {
			isa = PBXGroup;
			children = (
				F2DABF582145DFB70005CAB2 /* Itinerary.app */,
			);
			name = Products;
			sourceTree = "<group>";
		};
		F2DABF5A2145DFB70005CAB2 /* Itinerary */ = {
			isa = PBXGroup;
			children = (
				F2DABF8C2146157D0005CAB2 /* Reources */,
				F2DABF892146137E0005CAB2 /* Extensions */,
				F2DABF6D2145E8910005CAB2 /* Model */,
				F2DABF7C2145F6D90005CAB2 /* Views */,
				F2DABF5B2145DFB70005CAB2 /* AppDelegate.swift */,
				F2DABF622145DFC50005CAB2 /* Assets.xcassets */,
				F2DABF642145DFC50005CAB2 /* LaunchScreen.storyboard */,
				F2DABF672145DFC50005CAB2 /* Info.plist */,
			);
			path = Itinerary;
			sourceTree = "<group>";
		};
		F2DABF6D2145E8910005CAB2 /* Model */ = {
			isa = PBXGroup;
			children = (
				F2DABF7A2145EDB80005CAB2 /* Data.swift */,
				F2DABF6E2145E8A40005CAB2 /* Trip */,
			);
			path = Model;
			sourceTree = "<group>";
		};
		F2DABF6E2145E8A40005CAB2 /* Trip */ = {
			isa = PBXGroup;
			children = (
				F2DABF6F2145E8CA0005CAB2 /* TripModel.swift */,
				F2DABF712145E8D90005CAB2 /* TripFunctions.swift */,
			);
			path = Trip;
			sourceTree = "<group>";
		};
		F2DABF7C2145F6D90005CAB2 /* Views */ = {
			isa = PBXGroup;
			children = (
				F2DABF7D2145F7260005CAB2 /* TripsViewController */,
			);
			path = Views;
			sourceTree = "<group>";
		};
		F2DABF7D2145F7260005CAB2 /* TripsViewController */ = {
			isa = PBXGroup;
			children = (
				F2DABF7E2145F7700005CAB2 /* TripsViewController.storyboard */,
				F2DABF822145F7D10005CAB2 /* TripsViewController.swift */,
				F2DABF8721460B930005CAB2 /* TripsTableViewCell.swift */,
			);
			path = TripsViewController;
			sourceTree = "<group>";
		};
		F2DABF892146137E0005CAB2 /* Extensions */ = {
			isa = PBXGroup;
			children = (
				F2DABF8A214613B90005CAB2 /* UIViewExtensions.swift */,
			);
			path = Extensions;
			sourceTree = "<group>";
		};
		F2DABF8C2146157D0005CAB2 /* Reources */ = {
			isa = PBXGroup;
			children = (
				F2DABF8F214617F70005CAB2 /* FugazOne-Regular.ttf */,
				F2DABF8D214615970005CAB2 /* Theme.swift */,
				F2DABF9121461CAB0005CAB2 /* Colors.xcassets */,
			);
			path = Reources;
			sourceTree = "<group>";
		};
/* End PBXGroup section */

/* Begin PBXNativeTarget section */
		F2DABF572145DFB70005CAB2 /* Itinerary */ = {
			isa = PBXNativeTarget;
			buildConfigurationList = F2DABF6A2145DFC50005CAB2 /* Build configuration list for PBXNativeTarget "Itinerary" */;
			buildPhases = (
				F2DABF542145DFB70005CAB2 /* Sources */,
				F2DABF552145DFB70005CAB2 /* Frameworks */,
				F2DABF562145DFB70005CAB2 /* Resources */,
			);
			buildRules = (
			);
			dependencies = (
			);
			name = Itinerary;
			productName = Itinerary;
			productReference = F2DABF582145DFB70005CAB2 /* Itinerary.app */;
			productType = "com.apple.product-type.application";
		};
/* End PBXNativeTarget section */

/* Begin PBXProject section */
		F2DABF502145DFB70005CAB2 /* Project object */ = {
			isa = PBXProject;
			attributes = {
				LastSwiftUpdateCheck = 0940;
				LastUpgradeCheck = 0940;
				ORGANIZATIONNAME = "German Flores";
				TargetAttributes = {
					F2DABF572145DFB70005CAB2 = {
						CreatedOnToolsVersion = 9.4.1;
					};
				};
			};
			buildConfigurationList = F2DABF532145DFB70005CAB2 /* Build configuration list for PBXProject "Itinerary" */;
			compatibilityVersion = "Xcode 9.3";
			developmentRegion = en;
			hasScannedForEncodings = 0;
			knownRegions = (
				en,
				Base,
			);
			mainGroup = F2DABF4F2145DFB70005CAB2;
			productRefGroup = F2DABF592145DFB70005CAB2 /* Products */;
			projectDirPath = "";
			projectRoot = "";
			targets = (
				F2DABF572145DFB70005CAB2 /* Itinerary */,
			);
		};
/* End PBXProject section */

/* Begin PBXResourcesBuildPhase section */
		F2DABF562145DFB70005CAB2 /* Resources */ = {
			isa = PBXResourcesBuildPhase;
			buildActionMask = 2147483647;
			files = (
				F2DABF9221461CAB0005CAB2 /* Colors.xcassets in Resources */,
				F2DABF9021461C330005CAB2 /* FugazOne-Regular.ttf in Resources */,
				F2DABF662145DFC50005CAB2 /* LaunchScreen.storyboard in Resources */,
				F2DABF7F2145F7700005CAB2 /* TripsViewController.storyboard in Resources */,
				F2DABF632145DFC50005CAB2 /* Assets.xcassets in Resources */,
			);
			runOnlyForDeploymentPostprocessing = 0;
		};
/* End PBXResourcesBuildPhase section */

/* Begin PBXSourcesBuildPhase section */
		F2DABF542145DFB70005CAB2 /* Sources */ = {
			isa = PBXSourcesBuildPhase;
			buildActionMask = 2147483647;
			files = (
				F2DABF8821460B930005CAB2 /* TripsTableViewCell.swift in Sources */,
				F2DABF8B214613B90005CAB2 /* UIViewExtensions.swift in Sources */,
				F2DABF702145E8CA0005CAB2 /* TripModel.swift in Sources */,
				F2DABF5C2145DFB70005CAB2 /* AppDelegate.swift in Sources */,
				F2DABF722145E8D90005CAB2 /* TripFunctions.swift in Sources */,
				F2DABF8E214615970005CAB2 /* Theme.swift in Sources */,
				F2DABF7B2145EDB80005CAB2 /* Data.swift in Sources */,
				F2DABF832145F7D10005CAB2 /* TripsViewController.swift in Sources */,
			);
			runOnlyForDeploymentPostprocessing = 0;
		};
/* End PBXSourcesBuildPhase section */

/* Begin PBXVariantGroup section */
		F2DABF642145DFC50005CAB2 /* LaunchScreen.storyboard */ = {
			isa = PBXVariantGroup;
			children = (
				F2DABF652145DFC50005CAB2 /* Base */,
			);
			name = LaunchScreen.storyboard;
			sourceTree = "<group>";
		};
/* End PBXVariantGroup section */

/* Begin XCBuildConfiguration section */
		F2DABF682145DFC50005CAB2 /* Debug */ = {
			isa = XCBuildConfiguration;
			buildSettings = {
				ALWAYS_SEARCH_USER_PATHS = NO;
				CLANG_ANALYZER_NONNULL = YES;
				CLANG_ANALYZER_NUMBER_OBJECT_CONVERSION = YES_AGGRESSIVE;
				CLANG_CXX_LANGUAGE_STANDARD = "gnu++14";
				CLANG_CXX_LIBRARY = "libc++";
				CLANG_ENABLE_MODULES = YES;
				CLANG_ENABLE_OBJC_ARC = YES;
				CLANG_ENABLE_OBJC_WEAK = YES;
				CLANG_WARN_BLOCK_CAPTURE_AUTORELEASING = YES;
				CLANG_WARN_BOOL_CONVERSION = YES;
				CLANG_WARN_COMMA = YES;
				CLANG_WARN_CONSTANT_CONVERSION = YES;
				CLANG_WARN_DEPRECATED_OBJC_IMPLEMENTATIONS = YES;
				CLANG_WARN_DIRECT_OBJC_ISA_USAGE = YES_ERROR;
				CLANG_WARN_DOCUMENTATION_COMMENTS = YES;
				CLANG_WARN_EMPTY_BODY = YES;
				CLANG_WARN_ENUM_CONVERSION = YES;
				CLANG_WARN_INFINITE_RECURSION = YES;
				CLANG_WARN_INT_CONVERSION = YES;
				CLANG_WARN_NON_LITERAL_NULL_CONVERSION = YES;
				CLANG_WARN_OBJC_IMPLICIT_RETAIN_SELF = YES;
				CLANG_WARN_OBJC_LITERAL_CONVERSION = YES;
				CLANG_WARN_OBJC_ROOT_CLASS = YES_ERROR;
				CLANG_WARN_RANGE_LOOP_ANALYSIS = YES;
				CLANG_WARN_STRICT_PROTOTYPES = YES;
				CLANG_WARN_SUSPICIOUS_MOVE = YES;
				CLANG_WARN_UNGUARDED_AVAILABILITY = YES_AGGRESSIVE;
				CLANG_WARN_UNREACHABLE_CODE = YES;
				CLANG_WARN__DUPLICATE_METHOD_MATCH = YES;
				CODE_SIGN_IDENTITY = "iPhone Developer";
				COPY_PHASE_STRIP = NO;
				DEBUG_INFORMATION_FORMAT = dwarf;
				ENABLE_STRICT_OBJC_MSGSEND = YES;
				ENABLE_TESTABILITY = YES;
				GCC_C_LANGUAGE_STANDARD = gnu11;
				GCC_DYNAMIC_NO_PIC = NO;
				GCC_NO_COMMON_BLOCKS = YES;
				GCC_OPTIMIZATION_LEVEL = 0;
				GCC_PREPROCESSOR_DEFINITIONS = (
					"DEBUG=1",
					"$(inherited)",
				);
				GCC_WARN_64_TO_32_BIT_CONVERSION = YES;
				GCC_WARN_ABOUT_RETURN_TYPE = YES_ERROR;
				GCC_WARN_UNDECLARED_SELECTOR = YES;
				GCC_WARN_UNINITIALIZED_AUTOS = YES_AGGRESSIVE;
				GCC_WARN_UNUSED_FUNCTION = YES;
				GCC_WARN_UNUSED_VARIABLE = YES;
				IPHONEOS_DEPLOYMENT_TARGET = 11.4;
				MTL_ENABLE_DEBUG_INFO = YES;
				ONLY_ACTIVE_ARCH = YES;
				SDKROOT = iphoneos;
				SWIFT_ACTIVE_COMPILATION_CONDITIONS = DEBUG;
				SWIFT_OPTIMIZATION_LEVEL = "-Onone";
			};
			name = Debug;
		};
		F2DABF692145DFC50005CAB2 /* Release */ = {
			isa = XCBuildConfiguration;
			buildSettings = {
				ALWAYS_SEARCH_USER_PATHS = NO;
				CLANG_ANALYZER_NONNULL = YES;
				CLANG_ANALYZER_NUMBER_OBJECT_CONVERSION = YES_AGGRESSIVE;
				CLANG_CXX_LANGUAGE_STANDARD = "gnu++14";
				CLANG_CXX_LIBRARY = "libc++";
				CLANG_ENABLE_MODULES = YES;
				CLANG_ENABLE_OBJC_ARC = YES;
				CLANG_ENABLE_OBJC_WEAK = YES;
				CLANG_WARN_BLOCK_CAPTURE_AUTORELEASING = YES;
				CLANG_WARN_BOOL_CONVERSION = YES;
				CLANG_WARN_COMMA = YES;
				CLANG_WARN_CONSTANT_CONVERSION = YES;
				CLANG_WARN_DEPRECATED_OBJC_IMPLEMENTATIONS = YES;
				CLANG_WARN_DIRECT_OBJC_ISA_USAGE = YES_ERROR;
				CLANG_WARN_DOCUMENTATION_COMMENTS = YES;
				CLANG_WARN_EMPTY_BODY = YES;
				CLANG_WARN_ENUM_CONVERSION = YES;
				CLANG_WARN_INFINITE_RECURSION = YES;
				CLANG_WARN_INT_CONVERSION = YES;
				CLANG_WARN_NON_LITERAL_NULL_CONVERSION = YES;
				CLANG_WARN_OBJC_IMPLICIT_RETAIN_SELF = YES;
				CLANG_WARN_OBJC_LITERAL_CONVERSION = YES;
				CLANG_WARN_OBJC_ROOT_CLASS = YES_ERROR;
				CLANG_WARN_RANGE_LOOP_ANALYSIS = YES;
				CLANG_WARN_STRICT_PROTOTYPES = YES;
				CLANG_WARN_SUSPICIOUS_MOVE = YES;
				CLANG_WARN_UNGUARDED_AVAILABILITY = YES_AGGRESSIVE;
				CLANG_WARN_UNREACHABLE_CODE = YES;
				CLANG_WARN__DUPLICATE_METHOD_MATCH = YES;
				CODE_SIGN_IDENTITY = "iPhone Developer";
				COPY_PHASE_STRIP = NO;
				DEBUG_INFORMATION_FORMAT = "dwarf-with-dsym";
				ENABLE_NS_ASSERTIONS = NO;
				ENABLE_STRICT_OBJC_MSGSEND = YES;
				GCC_C_LANGUAGE_STANDARD = gnu11;
				GCC_NO_COMMON_BLOCKS = YES;
				GCC_WARN_64_TO_32_BIT_CONVERSION = YES;
				GCC_WARN_ABOUT_RETURN_TYPE = YES_ERROR;
				GCC_WARN_UNDECLARED_SELECTOR = YES;
				GCC_WARN_UNINITIALIZED_AUTOS = YES_AGGRESSIVE;
				GCC_WARN_UNUSED_FUNCTION = YES;
				GCC_WARN_UNUSED_VARIABLE = YES;
				IPHONEOS_DEPLOYMENT_TARGET = 11.4;
				MTL_ENABLE_DEBUG_INFO = NO;
				SDKROOT = iphoneos;
				SWIFT_COMPILATION_MODE = wholemodule;
				SWIFT_OPTIMIZATION_LEVEL = "-O";
				VALIDATE_PRODUCT = YES;
			};
			name = Release;
		};
		F2DABF6B2145DFC50005CAB2 /* Debug */ = {
			isa = XCBuildConfiguration;
			buildSettings = {
				ASSETCATALOG_COMPILER_APPICON_NAME = AppIcon;
				CODE_SIGN_STYLE = Automatic;
				DEVELOPMENT_TEAM = 38YTF8688C;
				INFOPLIST_FILE = Itinerary/Info.plist;
				LD_RUNPATH_SEARCH_PATHS = (
					"$(inherited)",
					"@executable_path/Frameworks",
				);
				PRODUCT_BUNDLE_IDENTIFIER = germanPractice.Itinerary;
				PRODUCT_NAME = "$(TARGET_NAME)";
				SWIFT_VERSION = 4.0;
				TARGETED_DEVICE_FAMILY = "1,2";
			};
			name = Debug;
		};
		F2DABF6C2145DFC50005CAB2 /* Release */ = {
			isa = XCBuildConfiguration;
			buildSettings = {
				ASSETCATALOG_COMPILER_APPICON_NAME = AppIcon;
				CODE_SIGN_STYLE = Automatic;
				DEVELOPMENT_TEAM = 38YTF8688C;
				INFOPLIST_FILE = Itinerary/Info.plist;
				LD_RUNPATH_SEARCH_PATHS = (
					"$(inherited)",
					"@executable_path/Frameworks",
				);
				PRODUCT_BUNDLE_IDENTIFIER = germanPractice.Itinerary;
				PRODUCT_NAME = "$(TARGET_NAME)";
				SWIFT_VERSION = 4.0;
				TARGETED_DEVICE_FAMILY = "1,2";
			};
			name = Release;
		};
/* End XCBuildConfiguration section */

/* Begin XCConfigurationList section */
		F2DABF532145DFB70005CAB2 /* Build configuration list for PBXProject "Itinerary" */ = {
			isa = XCConfigurationList;
			buildConfigurations = (
				F2DABF682145DFC50005CAB2 /* Debug */,
				F2DABF692145DFC50005CAB2 /* Release */,
			);
			defaultConfigurationIsVisible = 0;
			defaultConfigurationName = Release;
		};
		F2DABF6A2145DFC50005CAB2 /* Build configuration list for PBXNativeTarget "Itinerary" */ = {
			isa = XCConfigurationList;
			buildConfigurations = (
				F2DABF6B2145DFC50005CAB2 /* Debug */,
				F2DABF6C2145DFC50005CAB2 /* Release */,
			);
			defaultConfigurationIsVisible = 0;
			defaultConfigurationName = Release;
		};
/* End XCConfigurationList section */
	};
	rootObject = F2DABF502145DFB70005CAB2 /* Project object */;
}
